
Microsoft Visual Studio Solution File, Format Version 12.00
# Visual Studio Version 17
VisualStudioVersion = 17.1.32421.90
MinimumVisualStudioVersion = 10.0.40219.1
Project("{FAE04EC0-301F-11D3-BF4B-00C04F79EFBC}") = "Minesweeper", "Minesweeper\Minesweeper.csproj", "{B0EF6077-A521-4E2C-B317-B5ED199A3F59}"
EndProject
Global
	GlobalSection(SolutionConfigurationPlatforms) = preSolution
		Debug|Any CPU = Debug|Any CPU
		Release|Any CPU = Release|Any CPU
	EndGlobalSection
	GlobalSection(ProjectConfigurationPlatforms) = postSolution
		{B0EF6077-A521-4E2C-B317-B5ED199A3F59}.Debug|Any CPU.ActiveCfg = Debug|Any CPU
		{B0EF6077-A521-4E2C-B317-B5ED199A3F59}.Debug|Any CPU.Build.0 = Debug|Any CPU
		{B0EF6077-A521-4E2C-B317-B5ED199A3F59}.Release|Any CPU.ActiveCfg = Release|Any CPU
		{B0EF6077-A521-4E2C-B317-B5ED199A3F59}.Release|Any CPU.Build.0 = Release|Any CPU
	EndGlobalSection
	GlobalSection(SolutionProperties) = preSolution
		HideSolutionNode = FALSE
	EndGlobalSection
	GlobalSection(ExtensibilityGlobals) = postSolution
		SolutionGuid = {DEFC14AA-45AB-4B6C-95F5-3B9D4DC83A91}
	EndGlobalSection
EndGlobal
